
Microsoft Visual Studio Solution File, Format Version 12.00
# Visual Studio 15
VisualStudioVersion = 15.0.27428.2037
MinimumVisualStudioVersion = 10.0.40219.1
Project("{FAE04EC0-301F-11D3-BF4B-00C04F79EFBC}") = "Client", "ConsoleClient\Client.csproj", "{D9A88310-6717-4BE8-92F7-B8B7565F6DC2}"
EndProject
Project("{FAE04EC0-301F-11D3-BF4B-00C04F79EFBC}") = "MovementService", "MovementService\MovementService.csproj", "{D6AEF61B-A1F2-489D-A996-18E18D53449E}"
EndProject
Project("{FAE04EC0-301F-11D3-BF4B-00C04F79EFBC}") = "ProtocolLibrary", "ProtocolLibrary\ProtocolLibrary.csproj", "{ED886C7E-6E5A-4B27-92D5-648B85380E81}"
EndProject
Project("{FAE04EC0-301F-11D3-BF4B-00C04F79EFBC}") = "DirectoryService", "DirectoryService\DirectoryService.csproj", "{9BEFBBF3-94AB-42B0-A0F9-EE60C71CC422}"
EndProject
Project("{FAE04EC0-301F-11D3-BF4B-00C04F79EFBC}") = "GameClient", "GameClient\GameClient.csproj", "{D4061497-1EFB-45E2-ACDE-0007AFDDB60E}"
EndProject
Project("{FAE04EC0-301F-11D3-BF4B-00C04F79EFBC}") = "RenderService", "RenderService\RenderService.csproj", "{ACE3D611-10FA-457C-A7C8-6141E8F99F88}"
EndProject
Project("{FAE04EC0-301F-11D3-BF4B-00C04F79EFBC}") = "IntersectionService", "IntersectionService\IntersectionService.csproj", "{A96317FC-18E9-4717-9900-4DD6AC998A2C}"
EndProject
Global
	GlobalSection(SolutionConfigurationPlatforms) = preSolution
		Debug|Any CPU = Debug|Any CPU
		Release|Any CPU = Release|Any CPU
	EndGlobalSection
	GlobalSection(ProjectConfigurationPlatforms) = postSolution
		{D9A88310-6717-4BE8-92F7-B8B7565F6DC2}.Debug|Any CPU.ActiveCfg = Debug|Any CPU
		{D9A88310-6717-4BE8-92F7-B8B7565F6DC2}.Debug|Any CPU.Build.0 = Debug|Any CPU
		{D9A88310-6717-4BE8-92F7-B8B7565F6DC2}.Release|Any CPU.ActiveCfg = Release|Any CPU
		{D9A88310-6717-4BE8-92F7-B8B7565F6DC2}.Release|Any CPU.Build.0 = Release|Any CPU
		{D6AEF61B-A1F2-489D-A996-18E18D53449E}.Debug|Any CPU.ActiveCfg = Debug|Any CPU
		{D6AEF61B-A1F2-489D-A996-18E18D53449E}.Debug|Any CPU.Build.0 = Debug|Any CPU
		{D6AEF61B-A1F2-489D-A996-18E18D53449E}.Release|Any CPU.ActiveCfg = Release|Any CPU
		{D6AEF61B-A1F2-489D-A996-18E18D53449E}.Release|Any CPU.Build.0 = Release|Any CPU
		{ED886C7E-6E5A-4B27-92D5-648B85380E81}.Debug|Any CPU.ActiveCfg = Debug|Any CPU
		{ED886C7E-6E5A-4B27-92D5-648B85380E81}.Debug|Any CPU.Build.0 = Debug|Any CPU
		{ED886C7E-6E5A-4B27-92D5-648B85380E81}.Release|Any CPU.ActiveCfg = Release|Any CPU
		{ED886C7E-6E5A-4B27-92D5-648B85380E81}.Release|Any CPU.Build.0 = Release|Any CPU
		{9BEFBBF3-94AB-42B0-A0F9-EE60C71CC422}.Debug|Any CPU.ActiveCfg = Debug|Any CPU
		{9BEFBBF3-94AB-42B0-A0F9-EE60C71CC422}.Debug|Any CPU.Build.0 = Debug|Any CPU
		{9BEFBBF3-94AB-42B0-A0F9-EE60C71CC422}.Release|Any CPU.ActiveCfg = Release|Any CPU
		{9BEFBBF3-94AB-42B0-A0F9-EE60C71CC422}.Release|Any CPU.Build.0 = Release|Any CPU
		{D4061497-1EFB-45E2-ACDE-0007AFDDB60E}.Debug|Any CPU.ActiveCfg = Debug|Any CPU
		{D4061497-1EFB-45E2-ACDE-0007AFDDB60E}.Debug|Any CPU.Build.0 = Debug|Any CPU
		{D4061497-1EFB-45E2-ACDE-0007AFDDB60E}.Release|Any CPU.ActiveCfg = Release|Any CPU
		{D4061497-1EFB-45E2-ACDE-0007AFDDB60E}.Release|Any CPU.Build.0 = Release|Any CPU
		{ACE3D611-10FA-457C-A7C8-6141E8F99F88}.Debug|Any CPU.ActiveCfg = Debug|Any CPU
		{ACE3D611-10FA-457C-A7C8-6141E8F99F88}.Debug|Any CPU.Build.0 = Debug|Any CPU
		{ACE3D611-10FA-457C-A7C8-6141E8F99F88}.Release|Any CPU.ActiveCfg = Release|Any CPU
		{ACE3D611-10FA-457C-A7C8-6141E8F99F88}.Release|Any CPU.Build.0 = Release|Any CPU
		{A96317FC-18E9-4717-9900-4DD6AC998A2C}.Debug|Any CPU.ActiveCfg = Debug|Any CPU
		{A96317FC-18E9-4717-9900-4DD6AC998A2C}.Debug|Any CPU.Build.0 = Debug|Any CPU
		{A96317FC-18E9-4717-9900-4DD6AC998A2C}.Release|Any CPU.ActiveCfg = Release|Any CPU
		{A96317FC-18E9-4717-9900-4DD6AC998A2C}.Release|Any CPU.Build.0 = Release|Any CPU
	EndGlobalSection
	GlobalSection(SolutionProperties) = preSolution
		HideSolutionNode = FALSE
	EndGlobalSection
	GlobalSection(ExtensibilityGlobals) = postSolution
		SolutionGuid = {B4511495-733C-4A8A-AA0F-671CD585EFEE}
	EndGlobalSection
EndGlobal
